
Microsoft Visual Studio Solution File, Format Version 12.00
# Visual Studio 14
VisualStudioVersion = 14.0.25420.1
MinimumVisualStudioVersion = 10.0.40219.1
Project("{2150E333-8FDC-42A3-9474-1A3956D46DE8}") = "src", "src", "{8741C009-4F78-4C28-B723-E8619449A0EA}"
EndProject
Project("{2150E333-8FDC-42A3-9474-1A3956D46DE8}") = "Solution Items", "Solution Items", "{82154E9D-047F-45C2-ABD7-72FE7C86E6B5}"
	ProjectSection(SolutionItems) = preProject
		global.json = global.json
	EndProjectSection
EndProject
Project("{8BB2217D-0F2D-49D1-97BC-3654ED321F3B}") = "LetsMeet", "src\LetsMeet\LetsMeet.xproj", "{5EDC4B75-ED01-489C-9B8A-F1D9A03C4756}"
EndProject
Global
	GlobalSection(SolutionConfigurationPlatforms) = preSolution
		Debug|Any CPU = Debug|Any CPU
		Release|Any CPU = Release|Any CPU
	EndGlobalSection
	GlobalSection(ProjectConfigurationPlatforms) = postSolution
		{5EDC4B75-ED01-489C-9B8A-F1D9A03C4756}.Debug|Any CPU.ActiveCfg = Debug|Any CPU
		{5EDC4B75-ED01-489C-9B8A-F1D9A03C4756}.Debug|Any CPU.Build.0 = Debug|Any CPU
		{5EDC4B75-ED01-489C-9B8A-F1D9A03C4756}.Release|Any CPU.ActiveCfg = Release|Any CPU
		{5EDC4B75-ED01-489C-9B8A-F1D9A03C4756}.Release|Any CPU.Build.0 = Release|Any CPU
	EndGlobalSection
	GlobalSection(SolutionProperties) = preSolution
		HideSolutionNode = FALSE
	EndGlobalSection
	GlobalSection(NestedProjects) = preSolution
		{5EDC4B75-ED01-489C-9B8A-F1D9A03C4756} = {8741C009-4F78-4C28-B723-E8619449A0EA}
	EndGlobalSection
EndGlobal
